# THIS IS AN AUTOGENERATED FILE. DO NOT EDIT THIS FILE DIRECTLY.
# yarn lockfile v1


bson@^1.0.4:
  version "1.1.4"
  resolved "https://registry.npm.taobao.org/bson/download/bson-1.1.4.tgz#f76870d799f15b854dffb7ee32f0a874797f7e89"
  integrity sha1-92hw15nxW4VN/7fuMvCodHl/fok=

lodash@^4.17.5:
  version "4.17.19"
  resolved "https://registry.yarnpkg.com/lodash/-/lodash-4.17.19.tgz#e48ddedbe30b3321783c5b4301fbd353bc1e4a4b"
  integrity sha512-JNvd8XER9GQX0v2qJgsaN/mzFCNA5BRe/j8JN9d+tWyGLSodKQHKFicdwNYzWwI3wjRnaKPsGj1XkBjx/F96DQ==

safe-buffer@^5.1.1:
  version "5.2.0"
  resolved "https://registry.npm.taobao.org/safe-buffer/download/safe-buffer-5.2.0.tgz#b74daec49b1148f88c64b68d49b1e815c1f2f519"
  integrity sha1-t02uxJsRSPiMZLaNSbHoFcHy9Rk=

safe@^0.4.5:
  version "0.4.6"
  resolved "https://registry.npm.taobao.org/safe/download/safe-0.4.6.tgz#1d5580cf2635c5cb940ea48fb5081ae3c25b1be1"
  integrity sha1-HVWAzyY1xcuUDqSPtQga48JbG+E=

tingodb@^0.6.1:
  version "0.6.1"
  resolved "https://registry.npm.taobao.org/tingodb/download/tingodb-0.6.1.tgz#f63336259af7dfa6c90dfe2556a0dfb0d4eede59"
  integrity sha1-9jM2JZr336bJDf4lVqDfsNTu3lk=
  dependencies:
    lodash "^4.17.5"
    safe "^0.4.5"
    safe-buffer "^5.1.1"
  optionalDependencies:
    bson "^1.0.4"
